
Microsoft Visual Studio Solution File, Format Version 12.00
# Visual Studio 15
VisualStudioVersion = 15.0.28307.329
MinimumVisualStudioVersion = 10.0.40219.1
Project("{FAE04EC0-301F-11D3-BF4B-00C04F79EFBC}") = "RocktifyAPI", "RocktifyAPI\RocktifyAPI.csproj", "{BA2E3915-F437-4943-9A9B-537DF04D64A2}"
EndProject
Project("{FAE04EC0-301F-11D3-BF4B-00C04F79EFBC}") = "DAL", "DAL\DAL.csproj", "{70ED6B09-D7B7-4084-9C51-F974FBEE52DA}"
EndProject
Project("{FAE04EC0-301F-11D3-BF4B-00C04F79EFBC}") = "BLL", "BLL\BLL.csproj", "{5B8F5CF7-AD59-4BA5-A9B5-CA6F881ECB2F}"
EndProject
Project("{FAE04EC0-301F-11D3-BF4B-00C04F79EFBC}") = "Model", "Model\Model.csproj", "{5D60FDAB-7BA5-4765-859B-305B9FE9A697}"
EndProject
Project("{FAE04EC0-301F-11D3-BF4B-00C04F79EFBC}") = "ViewModel", "ViewModel\ViewModel.csproj", "{7D3ADFEE-2AE5-4CCA-8F12-3052BA8B708E}"
EndProject
Global
	GlobalSection(SolutionConfigurationPlatforms) = preSolution
		Debug|Any CPU = Debug|Any CPU
		Release|Any CPU = Release|Any CPU
	EndGlobalSection
	GlobalSection(ProjectConfigurationPlatforms) = postSolution
		{BA2E3915-F437-4943-9A9B-537DF04D64A2}.Debug|Any CPU.ActiveCfg = Debug|Any CPU
		{BA2E3915-F437-4943-9A9B-537DF04D64A2}.Debug|Any CPU.Build.0 = Debug|Any CPU
		{BA2E3915-F437-4943-9A9B-537DF04D64A2}.Release|Any CPU.ActiveCfg = Release|Any CPU
		{BA2E3915-F437-4943-9A9B-537DF04D64A2}.Release|Any CPU.Build.0 = Release|Any CPU
		{70ED6B09-D7B7-4084-9C51-F974FBEE52DA}.Debug|Any CPU.ActiveCfg = Debug|Any CPU
		{70ED6B09-D7B7-4084-9C51-F974FBEE52DA}.Debug|Any CPU.Build.0 = Debug|Any CPU
		{70ED6B09-D7B7-4084-9C51-F974FBEE52DA}.Release|Any CPU.ActiveCfg = Release|Any CPU
		{70ED6B09-D7B7-4084-9C51-F974FBEE52DA}.Release|Any CPU.Build.0 = Release|Any CPU
		{5B8F5CF7-AD59-4BA5-A9B5-CA6F881ECB2F}.Debug|Any CPU.ActiveCfg = Debug|Any CPU
		{5B8F5CF7-AD59-4BA5-A9B5-CA6F881ECB2F}.Debug|Any CPU.Build.0 = Debug|Any CPU
		{5B8F5CF7-AD59-4BA5-A9B5-CA6F881ECB2F}.Release|Any CPU.ActiveCfg = Release|Any CPU
		{5B8F5CF7-AD59-4BA5-A9B5-CA6F881ECB2F}.Release|Any CPU.Build.0 = Release|Any CPU
		{5D60FDAB-7BA5-4765-859B-305B9FE9A697}.Debug|Any CPU.ActiveCfg = Debug|Any CPU
		{5D60FDAB-7BA5-4765-859B-305B9FE9A697}.Debug|Any CPU.Build.0 = Debug|Any CPU
		{5D60FDAB-7BA5-4765-859B-305B9FE9A697}.Release|Any CPU.ActiveCfg = Release|Any CPU
		{5D60FDAB-7BA5-4765-859B-305B9FE9A697}.Release|Any CPU.Build.0 = Release|Any CPU
		{7D3ADFEE-2AE5-4CCA-8F12-3052BA8B708E}.Debug|Any CPU.ActiveCfg = Debug|Any CPU
		{7D3ADFEE-2AE5-4CCA-8F12-3052BA8B708E}.Debug|Any CPU.Build.0 = Debug|Any CPU
		{7D3ADFEE-2AE5-4CCA-8F12-3052BA8B708E}.Release|Any CPU.ActiveCfg = Release|Any CPU
		{7D3ADFEE-2AE5-4CCA-8F12-3052BA8B708E}.Release|Any CPU.Build.0 = Release|Any CPU
	EndGlobalSection
	GlobalSection(SolutionProperties) = preSolution
		HideSolutionNode = FALSE
	EndGlobalSection
	GlobalSection(ExtensibilityGlobals) = postSolution
		SolutionGuid = {5228F7ED-FA06-49CB-A87C-1D4D73270E52}
	EndGlobalSection
EndGlobal
